// !$*UTF8*$!
{
	archiveVersion = 1;
	classes = {
	};
	objectVersion = 70;
	objects = {

/* Begin PBXBuildFile section */
		F356CB372D9D2E3E00D41E39 /* SharedMocks.framework in Frameworks */ = {isa = PBXBuildFile; fileRef = F356CB222D9D2E3E00D41E39 /* SharedMocks.framework */; };
		F356CB382D9D2E3E00D41E39 /* SharedMocks.framework in Embed Frameworks */ = {isa = PBXBuildFile; fileRef = F356CB222D9D2E3E00D41E39 /* SharedMocks.framework */; settings = {ATTRIBUTES = (CodeSignOnCopy, RemoveHeadersOnCopy, ); }; };
		F356CB432D9D2E6B00D41E39 /* SharedMocks.framework in Frameworks */ = {isa = PBXBuildFile; fileRef = F356CB222D9D2E3E00D41E39 /* SharedMocks.framework */; };
		F356CB442D9D2E6B00D41E39 /* SharedMocks.framework in Embed Frameworks */ = {isa = PBXBuildFile; fileRef = F356CB222D9D2E3E00D41E39 /* SharedMocks.framework */; settings = {ATTRIBUTES = (CodeSignOnCopy, RemoveHeadersOnCopy, ); }; };
/* End PBXBuildFile section */

/* Begin PBXContainerItemProxy section */
		F356CB352D9D2E3E00D41E39 /* PBXContainerItemProxy */ = {
			isa = PBXContainerItemProxy;
			containerPortal = 53D418702AC7099A0070ADB1 /* Project object */;
			proxyType = 1;
			remoteGlobalIDString = F356CB212D9D2E3E00D41E39;
			remoteInfo = SharedMocks;
		};
		F356CB452D9D2E6B00D41E39 /* PBXContainerItemProxy */ = {
			isa = PBXContainerItemProxy;
			containerPortal = 53D418702AC7099A0070ADB1 /* Project object */;
			proxyType = 1;
			remoteGlobalIDString = F356CB212D9D2E3E00D41E39;
			remoteInfo = SharedMocks;
		};
		F399B9BD2D8489EC003B15BA /* PBXContainerItemProxy */ = {
			isa = PBXContainerItemProxy;
			containerPortal = 53D418702AC7099A0070ADB1 /* Project object */;
			proxyType = 1;
			remoteGlobalIDString = 53D418772AC7099A0070ADB1;
			remoteInfo = Aura;
		};
/* End PBXContainerItemProxy section */

/* Begin PBXCopyFilesBuildPhase section */
		F356CB3D2D9D2E3E00D41E39 /* Embed Frameworks */ = {
			isa = PBXCopyFilesBuildPhase;
			buildActionMask = 2147483647;
			dstPath = "";
			dstSubfolderSpec = 10;
			files = (
				F356CB382D9D2E3E00D41E39 /* SharedMocks.framework in Embed Frameworks */,
			);
			name = "Embed Frameworks";
			runOnlyForDeploymentPostprocessing = 0;
		};
		F356CB472D9D2E6B00D41E39 /* Embed Frameworks */ = {
			isa = PBXCopyFilesBuildPhase;
			buildActionMask = 2147483647;
			dstPath = "";
			dstSubfolderSpec = 10;
			files = (
				F356CB442D9D2E6B00D41E39 /* SharedMocks.framework in Embed Frameworks */,
			);
			name = "Embed Frameworks";
			runOnlyForDeploymentPostprocessing = 0;
		};
/* End PBXCopyFilesBuildPhase section */

/* Begin PBXFileReference section */
		53D418782AC7099A0070ADB1 /* Aura.app */ = {isa = PBXFileReference; explicitFileType = wrapper.application; includeInIndex = 0; path = Aura.app; sourceTree = BUILT_PRODUCTS_DIR; };
		F356CB222D9D2E3E00D41E39 /* SharedMocks.framework */ = {isa = PBXFileReference; explicitFileType = wrapper.framework; includeInIndex = 0; path = SharedMocks.framework; sourceTree = BUILT_PRODUCTS_DIR; };
		F399B9B92D8489EC003B15BA /* AuraTests.xctest */ = {isa = PBXFileReference; explicitFileType = wrapper.cfbundle; includeInIndex = 0; path = AuraTests.xctest; sourceTree = BUILT_PRODUCTS_DIR; };
/* End PBXFileReference section */

/* Begin PBXFileSystemSynchronizedBuildFileExceptionSet section */
		F356CB412D9D2E5A00D41E39 /* PBXFileSystemSynchronizedBuildFileExceptionSet */ = {
			isa = PBXFileSystemSynchronizedBuildFileExceptionSet;
			membershipExceptions = (
				AuraKeyChainServiceMock.swift,
			);
			target = F399B9B82D8489EC003B15BA /* AuraTests */;
		};
		F356CB422D9D2E5A00D41E39 /* PBXFileSystemSynchronizedBuildFileExceptionSet */ = {
			isa = PBXFileSystemSynchronizedBuildFileExceptionSet;
			membershipExceptions = (
				AuraKeyChainServiceMock.swift,
			);
			target = F356CB212D9D2E3E00D41E39 /* SharedMocks */;
		};
		F356CB492D9D30D400D41E39 /* PBXFileSystemSynchronizedBuildFileExceptionSet */ = {
			isa = PBXFileSystemSynchronizedBuildFileExceptionSet;
			membershipExceptions = (
				AuraKeyChainServiceMock.swift,
			);
			target = 53D418772AC7099A0070ADB1 /* Aura */;
		};
		F3735A182D7EEA4800895096 /* PBXFileSystemSynchronizedBuildFileExceptionSet */ = {
			isa = PBXFileSystemSynchronizedBuildFileExceptionSet;
			membershipExceptions = (
				Assets.xcassets,
				AuraApp.swift,
				Models/API/AccountResponse.swift,
				Models/API/AuraKeyChainService.swift,
				Models/API/AuraService.swift,
				Models/DataModel/Transaction.swift,
				"Preview Content/Preview Assets.xcassets",
				"Utils/Color+Extensions.swift",
				"Utils/View+Extensions.swift",
				ViewModels/AccountDetailViewModel.swift,
				ViewModels/AllTransactionsViewModel.swift,
				ViewModels/AppViewModel.swift,
				ViewModels/AuthenticationViewModel.swift,
				ViewModels/MoneyTransferViewModel.swift,
				Views/AccountDetailView.swift,
				Views/AllTransactionsView.swift,
				Views/AuthenticationView.swift,
				Views/EntryField.swift,
				Views/MoneyTransferView.swift,
				Views/RawAllTransactionsView.swift,
			);
			target = 53D418772AC7099A0070ADB1 /* Aura */;
		};
/* End PBXFileSystemSynchronizedBuildFileExceptionSet section */

/* Begin PBXFileSystemSynchronizedRootGroup section */
		F356CB232D9D2E3E00D41E39 /* SharedMocks */ = {isa = PBXFileSystemSynchronizedRootGroup; exceptions = (F356CB492D9D30D400D41E39 /* PBXFileSystemSynchronizedBuildFileExceptionSet */, F356CB412D9D2E5A00D41E39 /* PBXFileSystemSynchronizedBuildFileExceptionSet */, F356CB422D9D2E5A00D41E39 /* PBXFileSystemSynchronizedBuildFileExceptionSet */, ); explicitFileTypes = {}; explicitFolders = (); path = SharedMocks; sourceTree = "<group>"; };
		F3735A0B2D7EEA4800895096 /* Aura */ = {isa = PBXFileSystemSynchronizedRootGroup; exceptions = (F3735A182D7EEA4800895096 /* PBXFileSystemSynchronizedBuildFileExceptionSet */, ); explicitFileTypes = {}; explicitFolders = (); path = Aura; sourceTree = "<group>"; };
		F399B9BA2D8489EC003B15BA /* AuraTests */ = {isa = PBXFileSystemSynchronizedRootGroup; explicitFileTypes = {}; explicitFolders = (); path = AuraTests; sourceTree = "<group>"; };
/* End PBXFileSystemSynchronizedRootGroup section */

/* Begin PBXFrameworksBuildPhase section */
		53D418752AC7099A0070ADB1 /* Frameworks */ = {
			isa = PBXFrameworksBuildPhase;
			buildActionMask = 2147483647;
			files = (
				F356CB372D9D2E3E00D41E39 /* SharedMocks.framework in Frameworks */,
			);
			runOnlyForDeploymentPostprocessing = 0;
		};
		F356CB1F2D9D2E3E00D41E39 /* Frameworks */ = {
			isa = PBXFrameworksBuildPhase;
			buildActionMask = 2147483647;
			files = (
			);
			runOnlyForDeploymentPostprocessing = 0;
		};
		F399B9B62D8489EC003B15BA /* Frameworks */ = {
			isa = PBXFrameworksBuildPhase;
			buildActionMask = 2147483647;
			files = (
				F356CB432D9D2E6B00D41E39 /* SharedMocks.framework in Frameworks */,
			);
			runOnlyForDeploymentPostprocessing = 0;
		};
/* End PBXFrameworksBuildPhase section */

/* Begin PBXGroup section */
		53D4186F2AC7099A0070ADB1 = {
			isa = PBXGroup;
			children = (
				F3735A0B2D7EEA4800895096 /* Aura */,
				F399B9BA2D8489EC003B15BA /* AuraTests */,
				F356CB232D9D2E3E00D41E39 /* SharedMocks */,
				F356CB172D9D2B2100D41E39 /* Frameworks */,
				53D418792AC7099A0070ADB1 /* Products */,
			);
			sourceTree = "<group>";
		};
		53D418792AC7099A0070ADB1 /* Products */ = {
			isa = PBXGroup;
			children = (
				53D418782AC7099A0070ADB1 /* Aura.app */,
				F399B9B92D8489EC003B15BA /* AuraTests.xctest */,
				F356CB222D9D2E3E00D41E39 /* SharedMocks.framework */,
			);
			name = Products;
			sourceTree = "<group>";
		};
		F356CB172D9D2B2100D41E39 /* Frameworks */ = {
			isa = PBXGroup;
			children = (
			);
			name = Frameworks;
			sourceTree = "<group>";
		};
/* End PBXGroup section */

/* Begin PBXHeadersBuildPhase section */
		F356CB1D2D9D2E3E00D41E39 /* Headers */ = {
			isa = PBXHeadersBuildPhase;
			buildActionMask = 2147483647;
			files = (
			);
			runOnlyForDeploymentPostprocessing = 0;
		};
/* End PBXHeadersBuildPhase section */

/* Begin PBXNativeTarget section */
		53D418772AC7099A0070ADB1 /* Aura */ = {
			isa = PBXNativeTarget;
			buildConfigurationList = 53D418862AC7099B0070ADB1 /* Build configuration list for PBXNativeTarget "Aura" */;
			buildPhases = (
				53D418742AC7099A0070ADB1 /* Sources */,
				53D418752AC7099A0070ADB1 /* Frameworks */,
				53D418762AC7099A0070ADB1 /* Resources */,
				F356CB3D2D9D2E3E00D41E39 /* Embed Frameworks */,
			);
			buildRules = (
			);
			dependencies = (
				F356CB362D9D2E3E00D41E39 /* PBXTargetDependency */,
			);
			name = Aura;
			productName = Aura;
			productReference = 53D418782AC7099A0070ADB1 /* Aura.app */;
			productType = "com.apple.product-type.application";
		};
		F356CB212D9D2E3E00D41E39 /* SharedMocks */ = {
			isa = PBXNativeTarget;
			buildConfigurationList = F356CB392D9D2E3E00D41E39 /* Build configuration list for PBXNativeTarget "SharedMocks" */;
			buildPhases = (
				F356CB1D2D9D2E3E00D41E39 /* Headers */,
				F356CB1E2D9D2E3E00D41E39 /* Sources */,
				F356CB1F2D9D2E3E00D41E39 /* Frameworks */,
				F356CB202D9D2E3E00D41E39 /* Resources */,
			);
			buildRules = (
			);
			dependencies = (
			);
			fileSystemSynchronizedGroups = (
				F356CB232D9D2E3E00D41E39 /* SharedMocks */,
			);
			name = SharedMocks;
			packageProductDependencies = (
			);
			productName = SharedMocks;
			productReference = F356CB222D9D2E3E00D41E39 /* SharedMocks.framework */;
			productType = "com.apple.product-type.framework";
		};
		F399B9B82D8489EC003B15BA /* AuraTests */ = {
			isa = PBXNativeTarget;
			buildConfigurationList = F399B9C12D8489EC003B15BA /* Build configuration list for PBXNativeTarget "AuraTests" */;
			buildPhases = (
				F399B9B52D8489EC003B15BA /* Sources */,
				F399B9B62D8489EC003B15BA /* Frameworks */,
				F399B9B72D8489EC003B15BA /* Resources */,
				F356CB472D9D2E6B00D41E39 /* Embed Frameworks */,
			);
			buildRules = (
			);
			dependencies = (
				F399B9BE2D8489EC003B15BA /* PBXTargetDependency */,
				F356CB462D9D2E6B00D41E39 /* PBXTargetDependency */,
			);
			fileSystemSynchronizedGroups = (
				F399B9BA2D8489EC003B15BA /* AuraTests */,
			);
			name = AuraTests;
			packageProductDependencies = (
			);
			productName = AuraTests;
			productReference = F399B9B92D8489EC003B15BA /* AuraTests.xctest */;
			productType = "com.apple.product-type.bundle.unit-test";
		};
/* End PBXNativeTarget section */

/* Begin PBXProject section */
		53D418702AC7099A0070ADB1 /* Project object */ = {
			isa = PBXProject;
			attributes = {
				BuildIndependentTargetsInParallel = 1;
				LastSwiftUpdateCheck = 1620;
				LastUpgradeCheck = 1500;
				TargetAttributes = {
					53D418772AC7099A0070ADB1 = {
						CreatedOnToolsVersion = 15.0;
					};
					F356CB212D9D2E3E00D41E39 = {
						CreatedOnToolsVersion = 16.2;
					};
					F399B9B82D8489EC003B15BA = {
						CreatedOnToolsVersion = 16.2;
						LastSwiftMigration = 1620;
						TestTargetID = 53D418772AC7099A0070ADB1;
					};
				};
			};
			buildConfigurationList = 53D418732AC7099A0070ADB1 /* Build configuration list for PBXProject "Aura" */;
			compatibilityVersion = "Xcode 14.0";
			developmentRegion = en;
			hasScannedForEncodings = 0;
			knownRegions = (
				en,
				Base,
			);
			mainGroup = 53D4186F2AC7099A0070ADB1;
			productRefGroup = 53D418792AC7099A0070ADB1 /* Products */;
			projectDirPath = "";
			projectRoot = "";
			targets = (
				53D418772AC7099A0070ADB1 /* Aura */,
				F399B9B82D8489EC003B15BA /* AuraTests */,
				F356CB212D9D2E3E00D41E39 /* SharedMocks */,
			);
		};
/* End PBXProject section */

/* Begin PBXResourcesBuildPhase section */
		53D418762AC7099A0070ADB1 /* Resources */ = {
			isa = PBXResourcesBuildPhase;
			buildActionMask = 2147483647;
			files = (
			);
			runOnlyForDeploymentPostprocessing = 0;
		};
		F356CB202D9D2E3E00D41E39 /* Resources */ = {
			isa = PBXResourcesBuildPhase;
			buildActionMask = 2147483647;
			files = (
			);
			runOnlyForDeploymentPostprocessing = 0;
		};
		F399B9B72D8489EC003B15BA /* Resources */ = {
			isa = PBXResourcesBuildPhase;
			buildActionMask = 2147483647;
			files = (
			);
			runOnlyForDeploymentPostprocessing = 0;
		};
/* End PBXResourcesBuildPhase section */

/* Begin PBXSourcesBuildPhase section */
		53D418742AC7099A0070ADB1 /* Sources */ = {
			isa = PBXSourcesBuildPhase;
			buildActionMask = 2147483647;
			files = (
			);
			runOnlyForDeploymentPostprocessing = 0;
		};
		F356CB1E2D9D2E3E00D41E39 /* Sources */ = {
			isa = PBXSourcesBuildPhase;
			buildActionMask = 2147483647;
			files = (
			);
			runOnlyForDeploymentPostprocessing = 0;
		};
		F399B9B52D8489EC003B15BA /* Sources */ = {
			isa = PBXSourcesBuildPhase;
			buildActionMask = 2147483647;
			files = (
			);
			runOnlyForDeploymentPostprocessing = 0;
		};
/* End PBXSourcesBuildPhase section */

/* Begin PBXTargetDependency section */
		F356CB362D9D2E3E00D41E39 /* PBXTargetDependency */ = {
			isa = PBXTargetDependency;
			target = F356CB212D9D2E3E00D41E39 /* SharedMocks */;
			targetProxy = F356CB352D9D2E3E00D41E39 /* PBXContainerItemProxy */;
		};
		F356CB462D9D2E6B00D41E39 /* PBXTargetDependency */ = {
			isa = PBXTargetDependency;
			target = F356CB212D9D2E3E00D41E39 /* SharedMocks */;
			targetProxy = F356CB452D9D2E6B00D41E39 /* PBXContainerItemProxy */;
		};
		F399B9BE2D8489EC003B15BA /* PBXTargetDependency */ = {
			isa = PBXTargetDependency;
			target = 53D418772AC7099A0070ADB1 /* Aura */;
			targetProxy = F399B9BD2D8489EC003B15BA /* PBXContainerItemProxy */;
		};
/* End PBXTargetDependency section */

/* Begin XCBuildConfiguration section */
		53D418842AC7099B0070ADB1 /* Debug */ = {
			isa = XCBuildConfiguration;
			buildSettings = {
				ALWAYS_SEARCH_USER_PATHS = NO;
				ASSETCATALOG_COMPILER_GENERATE_SWIFT_ASSET_SYMBOL_EXTENSIONS = YES;
				CLANG_ANALYZER_NONNULL = YES;
				CLANG_ANALYZER_NUMBER_OBJECT_CONVERSION = YES_AGGRESSIVE;
				CLANG_CXX_LANGUAGE_STANDARD = "gnu++20";
				CLANG_ENABLE_MODULES = YES;
				CLANG_ENABLE_OBJC_ARC = YES;
				CLANG_ENABLE_OBJC_WEAK = YES;
				CLANG_WARN_BLOCK_CAPTURE_AUTORELEASING = YES;
				CLANG_WARN_BOOL_CONVERSION = YES;
				CLANG_WARN_COMMA = YES;
				CLANG_WARN_CONSTANT_CONVERSION = YES;
				CLANG_WARN_DEPRECATED_OBJC_IMPLEMENTATIONS = YES;
				CLANG_WARN_DIRECT_OBJC_ISA_USAGE = YES_ERROR;
				CLANG_WARN_DOCUMENTATION_COMMENTS = YES;
				CLANG_WARN_EMPTY_BODY = YES;
				CLANG_WARN_ENUM_CONVERSION = YES;
				CLANG_WARN_INFINITE_RECURSION = YES;
				CLANG_WARN_INT_CONVERSION = YES;
				CLANG_WARN_NON_LITERAL_NULL_CONVERSION = YES;
				CLANG_WARN_OBJC_IMPLICIT_RETAIN_SELF = YES;
				CLANG_WARN_OBJC_LITERAL_CONVERSION = YES;
				CLANG_WARN_OBJC_ROOT_CLASS = YES_ERROR;
				CLANG_WARN_QUOTED_INCLUDE_IN_FRAMEWORK_HEADER = YES;
				CLANG_WARN_RANGE_LOOP_ANALYSIS = YES;
				CLANG_WARN_STRICT_PROTOTYPES = YES;
				CLANG_WARN_SUSPICIOUS_MOVE = YES;
				CLANG_WARN_UNGUARDED_AVAILABILITY = YES_AGGRESSIVE;
				CLANG_WARN_UNREACHABLE_CODE = YES;
				CLANG_WARN__DUPLICATE_METHOD_MATCH = YES;
				COPY_PHASE_STRIP = NO;
				DEBUG_INFORMATION_FORMAT = dwarf;
				ENABLE_STRICT_OBJC_MSGSEND = YES;
				ENABLE_TESTABILITY = YES;
				ENABLE_USER_SCRIPT_SANDBOXING = YES;
				GCC_C_LANGUAGE_STANDARD = gnu17;
				GCC_DYNAMIC_NO_PIC = NO;
				GCC_NO_COMMON_BLOCKS = YES;
				GCC_OPTIMIZATION_LEVEL = 0;
				GCC_PREPROCESSOR_DEFINITIONS = (
					"DEBUG=1",
					"$(inherited)",
				);
				GCC_WARN_64_TO_32_BIT_CONVERSION = YES;
				GCC_WARN_ABOUT_RETURN_TYPE = YES_ERROR;
				GCC_WARN_UNDECLARED_SELECTOR = YES;
				GCC_WARN_UNINITIALIZED_AUTOS = YES_AGGRESSIVE;
				GCC_WARN_UNUSED_FUNCTION = YES;
				GCC_WARN_UNUSED_VARIABLE = YES;
				IPHONEOS_DEPLOYMENT_TARGET = 17.0;
				LOCALIZATION_PREFERS_STRING_CATALOGS = YES;
				MTL_ENABLE_DEBUG_INFO = INCLUDE_SOURCE;
				MTL_FAST_MATH = YES;
				ONLY_ACTIVE_ARCH = YES;
				SDKROOT = iphoneos;
				SWIFT_ACTIVE_COMPILATION_CONDITIONS = "DEBUG $(inherited)";
				SWIFT_OPTIMIZATION_LEVEL = "-Onone";
			};
			name = Debug;
		};
		53D418852AC7099B0070ADB1 /* Release */ = {
			isa = XCBuildConfiguration;
			buildSettings = {
				ALWAYS_SEARCH_USER_PATHS = NO;
				ASSETCATALOG_COMPILER_GENERATE_SWIFT_ASSET_SYMBOL_EXTENSIONS = YES;
				CLANG_ANALYZER_NONNULL = YES;
				CLANG_ANALYZER_NUMBER_OBJECT_CONVERSION = YES_AGGRESSIVE;
				CLANG_CXX_LANGUAGE_STANDARD = "gnu++20";
				CLANG_ENABLE_MODULES = YES;
				CLANG_ENABLE_OBJC_ARC = YES;
				CLANG_ENABLE_OBJC_WEAK = YES;
				CLANG_WARN_BLOCK_CAPTURE_AUTORELEASING = YES;
				CLANG_WARN_BOOL_CONVERSION = YES;
				CLANG_WARN_COMMA = YES;
				CLANG_WARN_CONSTANT_CONVERSION = YES;
				CLANG_WARN_DEPRECATED_OBJC_IMPLEMENTATIONS = YES;
				CLANG_WARN_DIRECT_OBJC_ISA_USAGE = YES_ERROR;
				CLANG_WARN_DOCUMENTATION_COMMENTS = YES;
				CLANG_WARN_EMPTY_BODY = YES;
				CLANG_WARN_ENUM_CONVERSION = YES;
				CLANG_WARN_INFINITE_RECURSION = YES;
				CLANG_WARN_INT_CONVERSION = YES;
				CLANG_WARN_NON_LITERAL_NULL_CONVERSION = YES;
				CLANG_WARN_OBJC_IMPLICIT_RETAIN_SELF = YES;
				CLANG_WARN_OBJC_LITERAL_CONVERSION = YES;
				CLANG_WARN_OBJC_ROOT_CLASS = YES_ERROR;
				CLANG_WARN_QUOTED_INCLUDE_IN_FRAMEWORK_HEADER = YES;
				CLANG_WARN_RANGE_LOOP_ANALYSIS = YES;
				CLANG_WARN_STRICT_PROTOTYPES = YES;
				CLANG_WARN_SUSPICIOUS_MOVE = YES;
				CLANG_WARN_UNGUARDED_AVAILABILITY = YES_AGGRESSIVE;
				CLANG_WARN_UNREACHABLE_CODE = YES;
				CLANG_WARN__DUPLICATE_METHOD_MATCH = YES;
				COPY_PHASE_STRIP = NO;
				DEBUG_INFORMATION_FORMAT = "dwarf-with-dsym";
				ENABLE_NS_ASSERTIONS = NO;
				ENABLE_STRICT_OBJC_MSGSEND = YES;
				ENABLE_USER_SCRIPT_SANDBOXING = YES;
				GCC_C_LANGUAGE_STANDARD = gnu17;
				GCC_NO_COMMON_BLOCKS = YES;
				GCC_WARN_64_TO_32_BIT_CONVERSION = YES;
				GCC_WARN_ABOUT_RETURN_TYPE = YES_ERROR;
				GCC_WARN_UNDECLARED_SELECTOR = YES;
				GCC_WARN_UNINITIALIZED_AUTOS = YES_AGGRESSIVE;
				GCC_WARN_UNUSED_FUNCTION = YES;
				GCC_WARN_UNUSED_VARIABLE = YES;
				IPHONEOS_DEPLOYMENT_TARGET = 17.0;
				LOCALIZATION_PREFERS_STRING_CATALOGS = YES;
				MTL_ENABLE_DEBUG_INFO = NO;
				MTL_FAST_MATH = YES;
				SDKROOT = iphoneos;
				SWIFT_COMPILATION_MODE = wholemodule;
				VALIDATE_PRODUCT = YES;
			};
			name = Release;
		};
		53D418872AC7099B0070ADB1 /* Debug */ = {
			isa = XCBuildConfiguration;
			buildSettings = {
				ASSETCATALOG_COMPILER_APPICON_NAME = AppIcon;
				ASSETCATALOG_COMPILER_GLOBAL_ACCENT_COLOR_NAME = AccentColor;
				CODE_SIGN_STYLE = Automatic;
				CURRENT_PROJECT_VERSION = 1;
				DEVELOPMENT_ASSET_PATHS = "\"Aura/Preview Content\"";
				ENABLE_PREVIEWS = YES;
				GENERATE_INFOPLIST_FILE = YES;
				INFOPLIST_KEY_UIApplicationSceneManifest_Generation = YES;
				INFOPLIST_KEY_UIApplicationSupportsIndirectInputEvents = YES;
				INFOPLIST_KEY_UILaunchScreen_Generation = YES;
				INFOPLIST_KEY_UISupportedInterfaceOrientations_iPad = "UIInterfaceOrientationPortrait UIInterfaceOrientationPortraitUpsideDown UIInterfaceOrientationLandscapeLeft UIInterfaceOrientationLandscapeRight";
				INFOPLIST_KEY_UISupportedInterfaceOrientations_iPhone = "UIInterfaceOrientationPortrait UIInterfaceOrientationLandscapeLeft UIInterfaceOrientationLandscapeRight";
				LD_RUNPATH_SEARCH_PATHS = (
					"$(inherited)",
					"@executable_path/Frameworks",
				);
				MARKETING_VERSION = 1.0;
				PRODUCT_BUNDLE_IDENTIFIER = com.mobilemaker.Aura;
				PRODUCT_NAME = "$(TARGET_NAME)";
				SWIFT_EMIT_LOC_STRINGS = YES;
				SWIFT_VERSION = 5.0;
				TARGETED_DEVICE_FAMILY = "1,2";
			};
			name = Debug;
		};
		53D418882AC7099B0070ADB1 /* Release */ = {
			isa = XCBuildConfiguration;
			buildSettings = {
				ASSETCATALOG_COMPILER_APPICON_NAME = AppIcon;
				ASSETCATALOG_COMPILER_GLOBAL_ACCENT_COLOR_NAME = AccentColor;
				CODE_SIGN_STYLE = Automatic;
				CURRENT_PROJECT_VERSION = 1;
				DEVELOPMENT_ASSET_PATHS = "\"Aura/Preview Content\"";
				ENABLE_PREVIEWS = YES;
				GENERATE_INFOPLIST_FILE = YES;
				INFOPLIST_KEY_UIApplicationSceneManifest_Generation = YES;
				INFOPLIST_KEY_UIApplicationSupportsIndirectInputEvents = YES;
				INFOPLIST_KEY_UILaunchScreen_Generation = YES;
				INFOPLIST_KEY_UISupportedInterfaceOrientations_iPad = "UIInterfaceOrientationPortrait UIInterfaceOrientationPortraitUpsideDown UIInterfaceOrientationLandscapeLeft UIInterfaceOrientationLandscapeRight";
				INFOPLIST_KEY_UISupportedInterfaceOrientations_iPhone = "UIInterfaceOrientationPortrait UIInterfaceOrientationLandscapeLeft UIInterfaceOrientationLandscapeRight";
				LD_RUNPATH_SEARCH_PATHS = (
					"$(inherited)",
					"@executable_path/Frameworks",
				);
				MARKETING_VERSION = 1.0;
				PRODUCT_BUNDLE_IDENTIFIER = com.mobilemaker.Aura;
				PRODUCT_NAME = "$(TARGET_NAME)";
				SWIFT_EMIT_LOC_STRINGS = YES;
				SWIFT_VERSION = 5.0;
				TARGETED_DEVICE_FAMILY = "1,2";
			};
			name = Release;
		};
		F356CB3A2D9D2E3E00D41E39 /* Debug */ = {
			isa = XCBuildConfiguration;
			buildSettings = {
				BUILD_LIBRARY_FOR_DISTRIBUTION = YES;
				CODE_SIGN_STYLE = Automatic;
				CURRENT_PROJECT_VERSION = 1;
				DEFINES_MODULE = YES;
				DYLIB_COMPATIBILITY_VERSION = 1;
				DYLIB_CURRENT_VERSION = 1;
				DYLIB_INSTALL_NAME_BASE = "@rpath";
				ENABLE_MODULE_VERIFIER = YES;
				GENERATE_INFOPLIST_FILE = YES;
				INFOPLIST_KEY_NSHumanReadableCopyright = "";
				INSTALL_PATH = "$(LOCAL_LIBRARY_DIR)/Frameworks";
				IPHONEOS_DEPLOYMENT_TARGET = 18.2;
				LD_RUNPATH_SEARCH_PATHS = (
					"$(inherited)",
					"@executable_path/Frameworks",
					"@loader_path/Frameworks",
				);
				MARKETING_VERSION = 1.0;
				MODULE_VERIFIER_SUPPORTED_LANGUAGES = "objective-c objective-c++";
				MODULE_VERIFIER_SUPPORTED_LANGUAGE_STANDARDS = "gnu17 gnu++20";
				PRODUCT_BUNDLE_IDENTIFIER = com.bougaranhelena.SharedMocks;
				PRODUCT_NAME = "$(TARGET_NAME:c99extidentifier)";
				SKIP_INSTALL = YES;
				SWIFT_EMIT_LOC_STRINGS = YES;
				SWIFT_INSTALL_OBJC_HEADER = NO;
				SWIFT_VERSION = 5.0;
				TARGETED_DEVICE_FAMILY = "1,2";
				VERSIONING_SYSTEM = "apple-generic";
				VERSION_INFO_PREFIX = "";
			};
			name = Debug;
		};
		F356CB3B2D9D2E3E00D41E39 /* Release */ = {
			isa = XCBuildConfiguration;
			buildSettings = {
				BUILD_LIBRARY_FOR_DISTRIBUTION = YES;
				CODE_SIGN_STYLE = Automatic;
				CURRENT_PROJECT_VERSION = 1;
				DEFINES_MODULE = YES;
				DYLIB_COMPATIBILITY_VERSION = 1;
				DYLIB_CURRENT_VERSION = 1;
				DYLIB_INSTALL_NAME_BASE = "@rpath";
				ENABLE_MODULE_VERIFIER = YES;
				GENERATE_INFOPLIST_FILE = YES;
				INFOPLIST_KEY_NSHumanReadableCopyright = "";
				INSTALL_PATH = "$(LOCAL_LIBRARY_DIR)/Frameworks";
				IPHONEOS_DEPLOYMENT_TARGET = 18.2;
				LD_RUNPATH_SEARCH_PATHS = (
					"$(inherited)",
					"@executable_path/Frameworks",
					"@loader_path/Frameworks",
				);
				MARKETING_VERSION = 1.0;
				MODULE_VERIFIER_SUPPORTED_LANGUAGES = "objective-c objective-c++";
				MODULE_VERIFIER_SUPPORTED_LANGUAGE_STANDARDS = "gnu17 gnu++20";
				PRODUCT_BUNDLE_IDENTIFIER = com.bougaranhelena.SharedMocks;
				PRODUCT_NAME = "$(TARGET_NAME:c99extidentifier)";
				SKIP_INSTALL = YES;
				SWIFT_EMIT_LOC_STRINGS = YES;
				SWIFT_INSTALL_OBJC_HEADER = NO;
				SWIFT_VERSION = 5.0;
				TARGETED_DEVICE_FAMILY = "1,2";
				VERSIONING_SYSTEM = "apple-generic";
				VERSION_INFO_PREFIX = "";
			};
			name = Release;
		};
		F399B9BF2D8489EC003B15BA /* Debug */ = {
			isa = XCBuildConfiguration;
			buildSettings = {
				BUNDLE_LOADER = "$(TEST_HOST)";
				CLANG_ENABLE_MODULES = YES;
				CODE_SIGN_STYLE = Automatic;
				CURRENT_PROJECT_VERSION = 1;
				GENERATE_INFOPLIST_FILE = YES;
				IPHONEOS_DEPLOYMENT_TARGET = 18.2;
				MARKETING_VERSION = 1.0;
				PRODUCT_BUNDLE_IDENTIFIER = com.bougaranhelena.AuraTests;
				PRODUCT_NAME = "$(TARGET_NAME)";
				SWIFT_EMIT_LOC_STRINGS = NO;
				SWIFT_OPTIMIZATION_LEVEL = "-Onone";
				SWIFT_VERSION = 5.0;
				TARGETED_DEVICE_FAMILY = "1,2";
				TEST_HOST = "$(BUILT_PRODUCTS_DIR)/Aura.app/$(BUNDLE_EXECUTABLE_FOLDER_PATH)/Aura";
			};
			name = Debug;
		};
		F399B9C02D8489EC003B15BA /* Release */ = {
			isa = XCBuildConfiguration;
			buildSettings = {
				BUNDLE_LOADER = "$(TEST_HOST)";
				CLANG_ENABLE_MODULES = YES;
				CODE_SIGN_STYLE = Automatic;
				CURRENT_PROJECT_VERSION = 1;
				GENERATE_INFOPLIST_FILE = YES;
				IPHONEOS_DEPLOYMENT_TARGET = 18.2;
				MARKETING_VERSION = 1.0;
				PRODUCT_BUNDLE_IDENTIFIER = com.bougaranhelena.AuraTests;
				PRODUCT_NAME = "$(TARGET_NAME)";
				SWIFT_EMIT_LOC_STRINGS = NO;
				SWIFT_VERSION = 5.0;
				TARGETED_DEVICE_FAMILY = "1,2";
				TEST_HOST = "$(BUILT_PRODUCTS_DIR)/Aura.app/$(BUNDLE_EXECUTABLE_FOLDER_PATH)/Aura";
			};
			name = Release;
		};
/* End XCBuildConfiguration section */

/* Begin XCConfigurationList section */
		53D418732AC7099A0070ADB1 /* Build configuration list for PBXProject "Aura" */ = {
			isa = XCConfigurationList;
			buildConfigurations = (
				53D418842AC7099B0070ADB1 /* Debug */,
				53D418852AC7099B0070ADB1 /* Release */,
			);
			defaultConfigurationIsVisible = 0;
			defaultConfigurationName = Release;
		};
		53D418862AC7099B0070ADB1 /* Build configuration list for PBXNativeTarget "Aura" */ = {
			isa = XCConfigurationList;
			buildConfigurations = (
				53D418872AC7099B0070ADB1 /* Debug */,
				53D418882AC7099B0070ADB1 /* Release */,
			);
			defaultConfigurationIsVisible = 0;
			defaultConfigurationName = Release;
		};
		F356CB392D9D2E3E00D41E39 /* Build configuration list for PBXNativeTarget "SharedMocks" */ = {
			isa = XCConfigurationList;
			buildConfigurations = (
				F356CB3A2D9D2E3E00D41E39 /* Debug */,
				F356CB3B2D9D2E3E00D41E39 /* Release */,
			);
			defaultConfigurationIsVisible = 0;
			defaultConfigurationName = Release;
		};
		F399B9C12D8489EC003B15BA /* Build configuration list for PBXNativeTarget "AuraTests" */ = {
			isa = XCConfigurationList;
			buildConfigurations = (
				F399B9BF2D8489EC003B15BA /* Debug */,
				F399B9C02D8489EC003B15BA /* Release */,
			);
			defaultConfigurationIsVisible = 0;
			defaultConfigurationName = Release;
		};
/* End XCConfigurationList section */
	};
	rootObject = 53D418702AC7099A0070ADB1 /* Project object */;
}
